
Microsoft Visual Studio Solution File, Format Version 12.00
# Visual Studio Version 17
VisualStudioVersion = 17.6.33723.286
MinimumVisualStudioVersion = 10.0.40219.1
Project("{FAE04EC0-301F-11D3-BF4B-00C04F79EFBC}") = "XamarinFormsM1.Android", "XamarinFormsM1.Android\XamarinFormsM1.Android.csproj", "{AE35FEBD-E5AF-4B32-A6E9-804181ACEDCE}"
EndProject
Project("{FAE04EC0-301F-11D3-BF4B-00C04F79EFBC}") = "XamarinFormsM1.iOS", "XamarinFormsM1.iOS\XamarinFormsM1.iOS.csproj", "{91E4BFF9-C6A5-4F89-85CB-205F9527865E}"
EndProject
Project("{FAE04EC0-301F-11D3-BF4B-00C04F79EFBC}") = "XamarinFormsM1", "XamarinFormsM1\XamarinFormsM1.csproj", "{E6BC4F22-443F-4B14-9CF3-F8507320FCDF}"
EndProject
Global
	GlobalSection(SolutionConfigurationPlatforms) = preSolution
		Debug|Any CPU = Debug|Any CPU
		Debug|iPhone = Debug|iPhone
		Debug|iPhoneSimulator = Debug|iPhoneSimulator
		Release|Any CPU = Release|Any CPU
		Release|iPhone = Release|iPhone
		Release|iPhoneSimulator = Release|iPhoneSimulator
	EndGlobalSection
	GlobalSection(ProjectConfigurationPlatforms) = postSolution
		{AE35FEBD-E5AF-4B32-A6E9-804181ACEDCE}.Debug|Any CPU.ActiveCfg = Debug|Any CPU
		{AE35FEBD-E5AF-4B32-A6E9-804181ACEDCE}.Debug|Any CPU.Build.0 = Debug|Any CPU
		{AE35FEBD-E5AF-4B32-A6E9-804181ACEDCE}.Debug|Any CPU.Deploy.0 = Debug|Any CPU
		{AE35FEBD-E5AF-4B32-A6E9-804181ACEDCE}.Debug|iPhone.ActiveCfg = Debug|Any CPU
		{AE35FEBD-E5AF-4B32-A6E9-804181ACEDCE}.Debug|iPhone.Build.0 = Debug|Any CPU
		{AE35FEBD-E5AF-4B32-A6E9-804181ACEDCE}.Debug|iPhone.Deploy.0 = Debug|Any CPU
		{AE35FEBD-E5AF-4B32-A6E9-804181ACEDCE}.Debug|iPhoneSimulator.ActiveCfg = Debug|Any CPU
		{AE35FEBD-E5AF-4B32-A6E9-804181ACEDCE}.Debug|iPhoneSimulator.Build.0 = Debug|Any CPU
		{AE35FEBD-E5AF-4B32-A6E9-804181ACEDCE}.Debug|iPhoneSimulator.Deploy.0 = Debug|Any CPU
		{AE35FEBD-E5AF-4B32-A6E9-804181ACEDCE}.Release|Any CPU.ActiveCfg = Release|Any CPU
		{AE35FEBD-E5AF-4B32-A6E9-804181ACEDCE}.Release|Any CPU.Build.0 = Release|Any CPU
		{AE35FEBD-E5AF-4B32-A6E9-804181ACEDCE}.Release|Any CPU.Deploy.0 = Release|Any CPU
		{AE35FEBD-E5AF-4B32-A6E9-804181ACEDCE}.Release|iPhone.ActiveCfg = Release|Any CPU
		{AE35FEBD-E5AF-4B32-A6E9-804181ACEDCE}.Release|iPhone.Build.0 = Release|Any CPU
		{AE35FEBD-E5AF-4B32-A6E9-804181ACEDCE}.Release|iPhone.Deploy.0 = Release|Any CPU
		{AE35FEBD-E5AF-4B32-A6E9-804181ACEDCE}.Release|iPhoneSimulator.ActiveCfg = Release|Any CPU
		{AE35FEBD-E5AF-4B32-A6E9-804181ACEDCE}.Release|iPhoneSimulator.Build.0 = Release|Any CPU
		{AE35FEBD-E5AF-4B32-A6E9-804181ACEDCE}.Release|iPhoneSimulator.Deploy.0 = Release|Any CPU
		{91E4BFF9-C6A5-4F89-85CB-205F9527865E}.Debug|Any CPU.ActiveCfg = Debug|iPhone
		{91E4BFF9-C6A5-4F89-85CB-205F9527865E}.Debug|Any CPU.Build.0 = Debug|iPhone
		{91E4BFF9-C6A5-4F89-85CB-205F9527865E}.Debug|Any CPU.Deploy.0 = Debug|iPhone
		{91E4BFF9-C6A5-4F89-85CB-205F9527865E}.Debug|iPhone.ActiveCfg = Debug|iPhone
		{91E4BFF9-C6A5-4F89-85CB-205F9527865E}.Debug|iPhone.Build.0 = Debug|iPhone
		{91E4BFF9-C6A5-4F89-85CB-205F9527865E}.Debug|iPhone.Deploy.0 = Debug|iPhone
		{91E4BFF9-C6A5-4F89-85CB-205F9527865E}.Debug|iPhoneSimulator.ActiveCfg = Debug|iPhoneSimulator
		{91E4BFF9-C6A5-4F89-85CB-205F9527865E}.Debug|iPhoneSimulator.Build.0 = Debug|iPhoneSimulator
		{91E4BFF9-C6A5-4F89-85CB-205F9527865E}.Debug|iPhoneSimulator.Deploy.0 = Debug|iPhoneSimulator
		{91E4BFF9-C6A5-4F89-85CB-205F9527865E}.Release|Any CPU.ActiveCfg = Release|iPhoneSimulator
		{91E4BFF9-C6A5-4F89-85CB-205F9527865E}.Release|Any CPU.Build.0 = Release|iPhoneSimulator
		{91E4BFF9-C6A5-4F89-85CB-205F9527865E}.Release|Any CPU.Deploy.0 = Release|iPhoneSimulator
		{91E4BFF9-C6A5-4F89-85CB-205F9527865E}.Release|iPhone.ActiveCfg = Release|iPhone
		{91E4BFF9-C6A5-4F89-85CB-205F9527865E}.Release|iPhone.Build.0 = Release|iPhone
		{91E4BFF9-C6A5-4F89-85CB-205F9527865E}.Release|iPhone.Deploy.0 = Release|iPhone
		{91E4BFF9-C6A5-4F89-85CB-205F9527865E}.Release|iPhoneSimulator.ActiveCfg = Release|iPhoneSimulator
		{91E4BFF9-C6A5-4F89-85CB-205F9527865E}.Release|iPhoneSimulator.Build.0 = Release|iPhoneSimulator
		{91E4BFF9-C6A5-4F89-85CB-205F9527865E}.Release|iPhoneSimulator.Deploy.0 = Release|iPhoneSimulator
		{E6BC4F22-443F-4B14-9CF3-F8507320FCDF}.Debug|Any CPU.ActiveCfg = Debug|Any CPU
		{E6BC4F22-443F-4B14-9CF3-F8507320FCDF}.Debug|Any CPU.Build.0 = Debug|Any CPU
		{E6BC4F22-443F-4B14-9CF3-F8507320FCDF}.Debug|Any CPU.Deploy.0 = Debug|Any CPU
		{E6BC4F22-443F-4B14-9CF3-F8507320FCDF}.Debug|iPhone.ActiveCfg = Debug|Any CPU
		{E6BC4F22-443F-4B14-9CF3-F8507320FCDF}.Debug|iPhone.Build.0 = Debug|Any CPU
		{E6BC4F22-443F-4B14-9CF3-F8507320FCDF}.Debug|iPhone.Deploy.0 = Debug|Any CPU
		{E6BC4F22-443F-4B14-9CF3-F8507320FCDF}.Debug|iPhoneSimulator.ActiveCfg = Debug|Any CPU
		{E6BC4F22-443F-4B14-9CF3-F8507320FCDF}.Debug|iPhoneSimulator.Build.0 = Debug|Any CPU
		{E6BC4F22-443F-4B14-9CF3-F8507320FCDF}.Debug|iPhoneSimulator.Deploy.0 = Debug|Any CPU
		{E6BC4F22-443F-4B14-9CF3-F8507320FCDF}.Release|Any CPU.ActiveCfg = Release|Any CPU
		{E6BC4F22-443F-4B14-9CF3-F8507320FCDF}.Release|Any CPU.Build.0 = Release|Any CPU
		{E6BC4F22-443F-4B14-9CF3-F8507320FCDF}.Release|Any CPU.Deploy.0 = Release|Any CPU
		{E6BC4F22-443F-4B14-9CF3-F8507320FCDF}.Release|iPhone.ActiveCfg = Release|Any CPU
		{E6BC4F22-443F-4B14-9CF3-F8507320FCDF}.Release|iPhone.Build.0 = Release|Any CPU
		{E6BC4F22-443F-4B14-9CF3-F8507320FCDF}.Release|iPhone.Deploy.0 = Release|Any CPU
		{E6BC4F22-443F-4B14-9CF3-F8507320FCDF}.Release|iPhoneSimulator.ActiveCfg = Release|Any CPU
		{E6BC4F22-443F-4B14-9CF3-F8507320FCDF}.Release|iPhoneSimulator.Build.0 = Release|Any CPU
		{E6BC4F22-443F-4B14-9CF3-F8507320FCDF}.Release|iPhoneSimulator.Deploy.0 = Release|Any CPU
	EndGlobalSection
	GlobalSection(SolutionProperties) = preSolution
		HideSolutionNode = FALSE
	EndGlobalSection
	GlobalSection(ExtensibilityGlobals) = postSolution
		SolutionGuid = {766F818F-C201-46C7-8300-68C1A315B7BE}
	EndGlobalSection
EndGlobal
