
Microsoft Visual Studio Solution File, Format Version 12.00
# Visual Studio Version 17
VisualStudioVersion = 17.6.33723.286
MinimumVisualStudioVersion = 10.0.40219.1
Project("{FAE04EC0-301F-11D3-BF4B-00C04F79EFBC}") = "CodeFirst", "CodeFirst.csproj", "{1A599EA3-8779-4E54-82EE-C7D4C23D0288}"
EndProject
Global
	GlobalSection(SolutionConfigurationPlatforms) = preSolution
		Debug|Any CPU = Debug|Any CPU
		Release|Any CPU = Release|Any CPU
	EndGlobalSection
	GlobalSection(ProjectConfigurationPlatforms) = postSolution
		{1A599EA3-8779-4E54-82EE-C7D4C23D0288}.Debug|Any CPU.ActiveCfg = Debug|Any CPU
		{1A599EA3-8779-4E54-82EE-C7D4C23D0288}.Debug|Any CPU.Build.0 = Debug|Any CPU
		{1A599EA3-8779-4E54-82EE-C7D4C23D0288}.Release|Any CPU.ActiveCfg = Release|Any CPU
		{1A599EA3-8779-4E54-82EE-C7D4C23D0288}.Release|Any CPU.Build.0 = Release|Any CPU
	EndGlobalSection
	GlobalSection(SolutionProperties) = preSolution
		HideSolutionNode = FALSE
	EndGlobalSection
	GlobalSection(ExtensibilityGlobals) = postSolution
		SolutionGuid = {D3E7A3D5-D4D4-44A4-B967-A0DCFDF70AD1}
	EndGlobalSection
EndGlobal
