
Microsoft Visual Studio Solution File, Format Version 12.00
# Visual Studio Version 17
VisualStudioVersion = 17.6.33723.286
MinimumVisualStudioVersion = 10.0.40219.1
Project("{FAE04EC0-301F-11D3-BF4B-00C04F79EFBC}") = "Praticando", "Praticando.csproj", "{AFAE57EC-D3AE-40B9-9DB7-103C33560A7C}"
EndProject
Global
	GlobalSection(SolutionConfigurationPlatforms) = preSolution
		Debug|Any CPU = Debug|Any CPU
		Release|Any CPU = Release|Any CPU
	EndGlobalSection
	GlobalSection(ProjectConfigurationPlatforms) = postSolution
		{AFAE57EC-D3AE-40B9-9DB7-103C33560A7C}.Debug|Any CPU.ActiveCfg = Debug|Any CPU
		{AFAE57EC-D3AE-40B9-9DB7-103C33560A7C}.Debug|Any CPU.Build.0 = Debug|Any CPU
		{AFAE57EC-D3AE-40B9-9DB7-103C33560A7C}.Release|Any CPU.ActiveCfg = Release|Any CPU
		{AFAE57EC-D3AE-40B9-9DB7-103C33560A7C}.Release|Any CPU.Build.0 = Release|Any CPU
	EndGlobalSection
	GlobalSection(SolutionProperties) = preSolution
		HideSolutionNode = FALSE
	EndGlobalSection
	GlobalSection(ExtensibilityGlobals) = postSolution
		SolutionGuid = {CAC44AF8-CEB6-4105-8F82-F67DDC0437A5}
	EndGlobalSection
EndGlobal
